
Microsoft Visual Studio Solution File, Format Version 12.00
# Visual Studio Version 17
VisualStudioVersion = 17.1.32210.238
MinimumVisualStudioVersion = 10.0.40219.1
Project("{FAE04EC0-301F-11D3-BF4B-00C04F79EFBC}") = "Food.WebUI", "Food.WebUI\Food.WebUI.csproj", "{D560D25D-BC5A-41C5-9C9F-78E890043A22}"
EndProject
Project("{FAE04EC0-301F-11D3-BF4B-00C04F79EFBC}") = "Food.Data", "Tutorial.Data\Food.Data.csproj", "{B1278A38-9C2F-486B-AC97-5C882E06B1B4}"
EndProject
Global
	GlobalSection(SolutionConfigurationPlatforms) = preSolution
		Debug|Any CPU = Debug|Any CPU
		Release|Any CPU = Release|Any CPU
	EndGlobalSection
	GlobalSection(ProjectConfigurationPlatforms) = postSolution
		{D560D25D-BC5A-41C5-9C9F-78E890043A22}.Debug|Any CPU.ActiveCfg = Debug|Any CPU
		{D560D25D-BC5A-41C5-9C9F-78E890043A22}.Debug|Any CPU.Build.0 = Debug|Any CPU
		{D560D25D-BC5A-41C5-9C9F-78E890043A22}.Release|Any CPU.ActiveCfg = Release|Any CPU
		{D560D25D-BC5A-41C5-9C9F-78E890043A22}.Release|Any CPU.Build.0 = Release|Any CPU
		{B1278A38-9C2F-486B-AC97-5C882E06B1B4}.Debug|Any CPU.ActiveCfg = Debug|Any CPU
		{B1278A38-9C2F-486B-AC97-5C882E06B1B4}.Debug|Any CPU.Build.0 = Debug|Any CPU
		{B1278A38-9C2F-486B-AC97-5C882E06B1B4}.Release|Any CPU.ActiveCfg = Release|Any CPU
		{B1278A38-9C2F-486B-AC97-5C882E06B1B4}.Release|Any CPU.Build.0 = Release|Any CPU
	EndGlobalSection
	GlobalSection(SolutionProperties) = preSolution
		HideSolutionNode = FALSE
	EndGlobalSection
	GlobalSection(ExtensibilityGlobals) = postSolution
		SolutionGuid = {17FDEF99-B3BC-4198-BD02-CAEA1BCC7F40}
	EndGlobalSection
EndGlobal
